// !$*UTF8*$!
{
	archiveVersion = 1;
	classes = {
	};
	objectVersion = 46;
	objects = {

/* Begin PBXAggregateTarget section */
		730B9880BC0375AFE330EF8D /* ZERO_CHECK */ = {
			isa = PBXAggregateTarget;
			buildConfigurationList = 0C5DA8DD603E4B41B41BEAC2 /* Build configuration list for PBXAggregateTarget "ZERO_CHECK" */;
			buildPhases = (
				89A0514433B64EEC476C190F /* Generate CMakeFiles/ZERO_CHECK */,
			);
			dependencies = (
			);
			name = ZERO_CHECK;
			productName = ZERO_CHECK;
		};
		9A2F501FFB34BBBB716332CF /* ALL_BUILD */ = {
			isa = PBXAggregateTarget;
			buildConfigurationList = 7FF7BD1955DB49C59E466F4C /* Build configuration list for PBXAggregateTarget "ALL_BUILD" */;
			buildPhases = (
				04445BBF810A5168800C35F7 /* Generate CMakeFiles/ALL_BUILD */,
			);
			dependencies = (
				5E19AC274F884BB09D1AA996 /* PBXTargetDependency */,
				2FDD211004D84899BD473542 /* PBXTargetDependency */,
			);
			name = ALL_BUILD;
			productName = ALL_BUILD;
		};
		EE56707A05407964095A1596 /* JobApplicationManager_autogen */ = {
			isa = PBXAggregateTarget;
			buildConfigurationList = 0C5D630F29D14311A47248E4 /* Build configuration list for PBXAggregateTarget "JobApplicationManager_autogen" */;
			buildPhases = (
				01CBDBAA626A5990F2C69CF7 /* Generate CMakeFiles/JobApplicationManager_autogen */,
			);
			dependencies = (
				8D812A58748D45EB875B2FF9 /* PBXTargetDependency */,
			);
			name = JobApplicationManager_autogen;
			productName = JobApplicationManager_autogen;
		};
/* End PBXAggregateTarget section */

/* Begin PBXBuildFile section */
		07D421174D04494E8E794992 /* /opt/homebrew/opt/qt/lib/QtSql.framework */ = {isa = PBXBuildFile; fileRef = 0F34FD47ACA94858A93811C9 /* /opt/homebrew/opt/qt/lib/QtSql.framework */; };
		319F37EBB1FF44FAA859D2CD /* /Users/pyoungjinji/resume_manager/qt_resume/qt_resume/cmake-build/CMakeFiles/JobApplicationManager.dir/Info.plist */ = {isa = PBXBuildFile; fileRef = 94A4E875A0FD4D149BACFEA8 /* /Users/pyoungjinji/resume_manager/qt_resume/qt_resume/cmake-build/CMakeFiles/JobApplicationManager.dir/Info.plist */; };
		31BBDB32FCC04705857757F5 /* /Users/pyoungjinji/resume_manager/qt_resume/qt_resume/company_add_window.cpp */ = {isa = PBXBuildFile; fileRef = 76340092995C4C90A6C8A3FE /* /Users/pyoungjinji/resume_manager/qt_resume/qt_resume/company_add_window.cpp */; };
		327D394A3D774B91AE1589F7 /* /Users/pyoungjinji/resume_manager/qt_resume/qt_resume/main.cpp */ = {isa = PBXBuildFile; fileRef = 65CE32606E2D4B84BD6C55DC /* /Users/pyoungjinji/resume_manager/qt_resume/qt_resume/main.cpp */; };
		38A0B6F2565C45F9BBA935A4 /* /Users/pyoungjinji/resume_manager/qt_resume/qt_resume/first_window.cpp */ = {isa = PBXBuildFile; fileRef = 07C248F3362948F0B9086146 /* /Users/pyoungjinji/resume_manager/qt_resume/qt_resume/first_window.cpp */; };
		3970EEF3E36B4E838CD5453B /* /Users/pyoungjinji/resume_manager/qt_resume/qt_resume/type_qualification_window.h */ = {isa = PBXBuildFile; fileRef = CD7930C5785147B2AA3B1D28 /* /Users/pyoungjinji/resume_manager/qt_resume/qt_resume/type_qualification_window.h */; };
		45660EA76DAF44DFA263183E /* /Users/pyoungjinji/resume_manager/qt_resume/qt_resume/company_window.cpp */ = {isa = PBXBuildFile; fileRef = 8B4D06EAC05F4A7B83D5A4FF /* /Users/pyoungjinji/resume_manager/qt_resume/qt_resume/company_window.cpp */; };
		505AFBF00ADB4DD398DFFAAD /* /Users/pyoungjinji/resume_manager/qt_resume/qt_resume/first_window.h */ = {isa = PBXBuildFile; fileRef = F2B8DBF6D2744CC39B12DAC4 /* /Users/pyoungjinji/resume_manager/qt_resume/qt_resume/first_window.h */; };
		5B3911CAA3C7459098337CD6 /* /Users/pyoungjinji/resume_manager/qt_resume/qt_resume/type_qualification_window.cpp */ = {isa = PBXBuildFile; fileRef = 3E9EDD567E2C410D92DB14E9 /* /Users/pyoungjinji/resume_manager/qt_resume/qt_resume/type_qualification_window.cpp */; };
		5D0A308D7F184AC5A2C015CF /* /Applications/Xcode.app/Contents/Developer/Platforms/MacOSX.platform/Developer/SDKs/MacOSX15.2.sdk/System/Library/Frameworks/AGL.framework */ = {isa = PBXBuildFile; fileRef = AA1405755B0F45559CBEABEB /* /Applications/Xcode.app/Contents/Developer/Platforms/MacOSX.platform/Developer/SDKs/MacOSX15.2.sdk/System/Library/Frameworks/AGL.framework */; };
		681E901BFABC4F9CB88C4D1D /* /Users/pyoungjinji/resume_manager/qt_resume/qt_resume/write_resume_window.h */ = {isa = PBXBuildFile; fileRef = 11EAF6AFD214483CA0C70566 /* /Users/pyoungjinji/resume_manager/qt_resume/qt_resume/write_resume_window.h */; };
		6A8B432A2C8A4C1E8E4C095D /* /Users/pyoungjinji/resume_manager/qt_resume/qt_resume/cmake-build/JobApplicationManager_autogen/mocs_compilation.cpp */ = {isa = PBXBuildFile; fileRef = ED0E2B9836CB4573B3CC55A9 /* /Users/pyoungjinji/resume_manager/qt_resume/qt_resume/cmake-build/JobApplicationManager_autogen/mocs_compilation.cpp */; };
		6C744F0FA4DF455DA0247A66 /* /Users/pyoungjinji/resume_manager/qt_resume/qt_resume/company_window.h */ = {isa = PBXBuildFile; fileRef = 7DD86121D44341099782C284 /* /Users/pyoungjinji/resume_manager/qt_resume/qt_resume/company_window.h */; };
		6C936A48A1A6449DB654E89D /* /opt/homebrew/opt/qt/lib/QtCore.framework */ = {isa = PBXBuildFile; fileRef = 3F6C21F72BEB4CBC94C54868 /* /opt/homebrew/opt/qt/lib/QtCore.framework */; };
		857E068344C740538803D960 /* /Users/pyoungjinji/resume_manager/qt_resume/qt_resume/database_utils.h */ = {isa = PBXBuildFile; fileRef = 32D18F44CE7C402D95607D58 /* /Users/pyoungjinji/resume_manager/qt_resume/qt_resume/database_utils.h */; };
		9766D5372EA5439BADE4FADC /* /Users/pyoungjinji/resume_manager/qt_resume/qt_resume/num_issue_window.h */ = {isa = PBXBuildFile; fileRef = A1E2F3639AB148A6905C7463 /* /Users/pyoungjinji/resume_manager/qt_resume/qt_resume/num_issue_window.h */; };
		B869236D428D4282A5C773B7 /* /opt/homebrew/opt/qt/lib/QtWidgets.framework */ = {isa = PBXBuildFile; fileRef = 379BC86054084A5D826A5FFE /* /opt/homebrew/opt/qt/lib/QtWidgets.framework */; };
		BD25D8E528614076A89B25DC /* /opt/homebrew/opt/qt/lib/QtGui.framework */ = {isa = PBXBuildFile; fileRef = 21C868F9C1974D06A169BE8C /* /opt/homebrew/opt/qt/lib/QtGui.framework */; };
		C9B6A4B0635C455B8AE743EC /* /Users/pyoungjinji/resume_manager/qt_resume/qt_resume/CMakeLists.txt */ = {isa = PBXBuildFile; fileRef = 3646B5E8584E45C69C4E6276 /* /Users/pyoungjinji/resume_manager/qt_resume/qt_resume/CMakeLists.txt */; };
		D3D7A37248F245D0A7C52BB9 /* /Users/pyoungjinji/resume_manager/qt_resume/qt_resume/write_resume_window.cpp */ = {isa = PBXBuildFile; fileRef = 511C9426E2964ED0A788557D /* /Users/pyoungjinji/resume_manager/qt_resume/qt_resume/write_resume_window.cpp */; };
		D846EAA459954043B5E41E04 /* /Users/pyoungjinji/resume_manager/qt_resume/qt_resume/num_issue_window.cpp */ = {isa = PBXBuildFile; fileRef = 0BB57371136543D9A3DFDBC6 /* /Users/pyoungjinji/resume_manager/qt_resume/qt_resume/num_issue_window.cpp */; };
		ECA0A1C547EA4836BC731972 /* /Users/pyoungjinji/resume_manager/qt_resume/qt_resume/company_model.h */ = {isa = PBXBuildFile; fileRef = 1EC7F8E2E90D4F8680998EA4 /* /Users/pyoungjinji/resume_manager/qt_resume/qt_resume/company_model.h */; };
		FD7458DF54794EDF9F44A20F /* /Users/pyoungjinji/resume_manager/qt_resume/qt_resume/company_add_window.h */ = {isa = PBXBuildFile; fileRef = 3C83B6A90FED44278C72092C /* /Users/pyoungjinji/resume_manager/qt_resume/qt_resume/company_add_window.h */; };
/* End PBXBuildFile section */

/* Begin PBXBuildStyle section */
		09AD44176C2449E8A0E0906F /* MinSizeRel */ = {
			isa = PBXBuildStyle;
			buildSettings = {
				COPY_PHASE_STRIP = NO;
			};
			name = MinSizeRel;
		};
		791FDF0922BE4991915921DE /* Debug */ = {
			isa = PBXBuildStyle;
			buildSettings = {
				COPY_PHASE_STRIP = NO;
			};
			name = Debug;
		};
		931E921EF15E4F58A8A22158 /* RelWithDebInfo */ = {
			isa = PBXBuildStyle;
			buildSettings = {
				COPY_PHASE_STRIP = NO;
			};
			name = RelWithDebInfo;
		};
		CD05F176D94B4CDCB2EAFD9F /* Release */ = {
			isa = PBXBuildStyle;
			buildSettings = {
				COPY_PHASE_STRIP = NO;
			};
			name = Release;
		};
/* End PBXBuildStyle section */

/* Begin PBXContainerItemProxy section */
		07112B57C7E9480394D91015 /* PBXContainerItemProxy */ = {
			isa = PBXContainerItemProxy;
			containerPortal = 994791D60A9348E3B9001699 /* Project object */;
			proxyType = 1;
			remoteGlobalIDString = 730B9880BC0375AFE330EF8D;
			remoteInfo = ZERO_CHECK;
		};
		47AF199DBD7142819DB4BF1F /* PBXContainerItemProxy */ = {
			isa = PBXContainerItemProxy;
			containerPortal = 994791D60A9348E3B9001699 /* Project object */;
			proxyType = 1;
			remoteGlobalIDString = E2EA549BF83189264A326AC5;
			remoteInfo = JobApplicationManager;
		};
		6E402D5572BD4656810FF67D /* PBXContainerItemProxy */ = {
			isa = PBXContainerItemProxy;
			containerPortal = 994791D60A9348E3B9001699 /* Project object */;
			proxyType = 1;
			remoteGlobalIDString = 730B9880BC0375AFE330EF8D;
			remoteInfo = ZERO_CHECK;
		};
		CD2ED20747D94F349A3D5D30 /* PBXContainerItemProxy */ = {
			isa = PBXContainerItemProxy;
			containerPortal = 994791D60A9348E3B9001699 /* Project object */;
			proxyType = 1;
			remoteGlobalIDString = 730B9880BC0375AFE330EF8D;
			remoteInfo = ZERO_CHECK;
		};
		D8DA0C1C5A164E58A2B3D493 /* PBXContainerItemProxy */ = {
			isa = PBXContainerItemProxy;
			containerPortal = 994791D60A9348E3B9001699 /* Project object */;
			proxyType = 1;
			remoteGlobalIDString = EE56707A05407964095A1596;
			remoteInfo = JobApplicationManager_autogen;
		};
/* End PBXContainerItemProxy section */

/* Begin PBXFileReference section */
		07C248F3362948F0B9086146 /* /Users/pyoungjinji/resume_manager/qt_resume/qt_resume/first_window.cpp */ = {isa = PBXFileReference; explicitFileType = sourcecode.cpp.cpp; fileEncoding = 4; name = first_window.cpp; path = first_window.cpp; sourceTree = SOURCE_ROOT; };
		0BB57371136543D9A3DFDBC6 /* /Users/pyoungjinji/resume_manager/qt_resume/qt_resume/num_issue_window.cpp */ = {isa = PBXFileReference; explicitFileType = sourcecode.cpp.cpp; fileEncoding = 4; name = num_issue_window.cpp; path = num_issue_window.cpp; sourceTree = SOURCE_ROOT; };
		0F34FD47ACA94858A93811C9 /* /opt/homebrew/opt/qt/lib/QtSql.framework */ = {isa = PBXFileReference; fileEncoding = 4; lastKnownFileType = wrapper.framework; name = QtSql.framework; path = /opt/homebrew/opt/qt/lib/QtSql.framework; sourceTree = "<absolute>"; };
		11EAF6AFD214483CA0C70566 /* /Users/pyoungjinji/resume_manager/qt_resume/qt_resume/write_resume_window.h */ = {isa = PBXFileReference; explicitFileType = sourcecode.c.h; fileEncoding = 4; name = write_resume_window.h; path = write_resume_window.h; sourceTree = SOURCE_ROOT; };
		1EC7F8E2E90D4F8680998EA4 /* /Users/pyoungjinji/resume_manager/qt_resume/qt_resume/company_model.h */ = {isa = PBXFileReference; explicitFileType = sourcecode.c.h; fileEncoding = 4; name = company_model.h; path = company_model.h; sourceTree = SOURCE_ROOT; };
		21C868F9C1974D06A169BE8C /* /opt/homebrew/opt/qt/lib/QtGui.framework */ = {isa = PBXFileReference; fileEncoding = 4; lastKnownFileType = wrapper.framework; name = QtGui.framework; path = /opt/homebrew/opt/qt/lib/QtGui.framework; sourceTree = "<absolute>"; };
		32D18F44CE7C402D95607D58 /* /Users/pyoungjinji/resume_manager/qt_resume/qt_resume/database_utils.h */ = {isa = PBXFileReference; explicitFileType = sourcecode.c.h; fileEncoding = 4; name = database_utils.h; path = database_utils.h; sourceTree = SOURCE_ROOT; };
		3646B5E8584E45C69C4E6276 /* /Users/pyoungjinji/resume_manager/qt_resume/qt_resume/CMakeLists.txt */ = {isa = PBXFileReference; explicitFileType = sourcecode.text; fileEncoding = 4; name = CMakeLists.txt; path = CMakeLists.txt; sourceTree = SOURCE_ROOT; };
		379BC86054084A5D826A5FFE /* /opt/homebrew/opt/qt/lib/QtWidgets.framework */ = {isa = PBXFileReference; fileEncoding = 4; lastKnownFileType = wrapper.framework; name = QtWidgets.framework; path = /opt/homebrew/opt/qt/lib/QtWidgets.framework; sourceTree = "<absolute>"; };
		3C83B6A90FED44278C72092C /* /Users/pyoungjinji/resume_manager/qt_resume/qt_resume/company_add_window.h */ = {isa = PBXFileReference; explicitFileType = sourcecode.c.h; fileEncoding = 4; name = company_add_window.h; path = company_add_window.h; sourceTree = SOURCE_ROOT; };
		3E9EDD567E2C410D92DB14E9 /* /Users/pyoungjinji/resume_manager/qt_resume/qt_resume/type_qualification_window.cpp */ = {isa = PBXFileReference; explicitFileType = sourcecode.cpp.cpp; fileEncoding = 4; name = type_qualification_window.cpp; path = type_qualification_window.cpp; sourceTree = SOURCE_ROOT; };
		3F6C21F72BEB4CBC94C54868 /* /opt/homebrew/opt/qt/lib/QtCore.framework */ = {isa = PBXFileReference; fileEncoding = 4; lastKnownFileType = wrapper.framework; name = QtCore.framework; path = /opt/homebrew/opt/qt/lib/QtCore.framework; sourceTree = "<absolute>"; };
		511C9426E2964ED0A788557D /* /Users/pyoungjinji/resume_manager/qt_resume/qt_resume/write_resume_window.cpp */ = {isa = PBXFileReference; explicitFileType = sourcecode.cpp.cpp; fileEncoding = 4; name = write_resume_window.cpp; path = write_resume_window.cpp; sourceTree = SOURCE_ROOT; };
		65CE32606E2D4B84BD6C55DC /* /Users/pyoungjinji/resume_manager/qt_resume/qt_resume/main.cpp */ = {isa = PBXFileReference; explicitFileType = sourcecode.cpp.cpp; fileEncoding = 4; name = main.cpp; path = main.cpp; sourceTree = SOURCE_ROOT; };
		76340092995C4C90A6C8A3FE /* /Users/pyoungjinji/resume_manager/qt_resume/qt_resume/company_add_window.cpp */ = {isa = PBXFileReference; explicitFileType = sourcecode.cpp.cpp; fileEncoding = 4; name = company_add_window.cpp; path = company_add_window.cpp; sourceTree = SOURCE_ROOT; };
		7DD86121D44341099782C284 /* /Users/pyoungjinji/resume_manager/qt_resume/qt_resume/company_window.h */ = {isa = PBXFileReference; explicitFileType = sourcecode.c.h; fileEncoding = 4; name = company_window.h; path = company_window.h; sourceTree = SOURCE_ROOT; };
		86CA7F13248D449FAF77151B /* JobApplicationManager */ = {isa = PBXFileReference; explicitFileType = "compiled.mach-o.executable"; path = JobApplicationManager; sourceTree = BUILT_PRODUCTS_DIR; };
		8B4D06EAC05F4A7B83D5A4FF /* /Users/pyoungjinji/resume_manager/qt_resume/qt_resume/company_window.cpp */ = {isa = PBXFileReference; explicitFileType = sourcecode.cpp.cpp; fileEncoding = 4; name = company_window.cpp; path = company_window.cpp; sourceTree = SOURCE_ROOT; };
		94A4E875A0FD4D149BACFEA8 /* /Users/pyoungjinji/resume_manager/qt_resume/qt_resume/cmake-build/CMakeFiles/JobApplicationManager.dir/Info.plist */ = {isa = PBXFileReference; explicitFileType = sourcecode.text.plist; fileEncoding = 4; name = Info.plist; path = "cmake-build/CMakeFiles/JobApplicationManager.dir/Info.plist"; sourceTree = SOURCE_ROOT; };
		99D6213725FF439482337FEF /* /Users/pyoungjinji/resume_manager/qt_resume/qt_resume/CMakeLists.txt */ = {isa = PBXFileReference; explicitFileType = sourcecode.text; fileEncoding = 4; name = CMakeLists.txt; path = CMakeLists.txt; sourceTree = SOURCE_ROOT; };
		A1E2F3639AB148A6905C7463 /* /Users/pyoungjinji/resume_manager/qt_resume/qt_resume/num_issue_window.h */ = {isa = PBXFileReference; explicitFileType = sourcecode.c.h; fileEncoding = 4; name = num_issue_window.h; path = num_issue_window.h; sourceTree = SOURCE_ROOT; };
		A5E410B7BADD484E9ADC6CA2 /* /Users/pyoungjinji/resume_manager/qt_resume/qt_resume/CMakeLists.txt */ = {isa = PBXFileReference; explicitFileType = sourcecode.text; fileEncoding = 4; name = CMakeLists.txt; path = CMakeLists.txt; sourceTree = SOURCE_ROOT; };
		AA1405755B0F45559CBEABEB /* /Applications/Xcode.app/Contents/Developer/Platforms/MacOSX.platform/Developer/SDKs/MacOSX15.2.sdk/System/Library/Frameworks/AGL.framework */ = {isa = PBXFileReference; fileEncoding = 4; lastKnownFileType = wrapper.framework; name = AGL.framework; path = /Applications/Xcode.app/Contents/Developer/Platforms/MacOSX.platform/Developer/SDKs/MacOSX15.2.sdk/System/Library/Frameworks/AGL.framework; sourceTree = "<absolute>"; };
		CD7930C5785147B2AA3B1D28 /* /Users/pyoungjinji/resume_manager/qt_resume/qt_resume/type_qualification_window.h */ = {isa = PBXFileReference; explicitFileType = sourcecode.c.h; fileEncoding = 4; name = type_qualification_window.h; path = type_qualification_window.h; sourceTree = SOURCE_ROOT; };
		ED0E2B9836CB4573B3CC55A9 /* /Users/pyoungjinji/resume_manager/qt_resume/qt_resume/cmake-build/JobApplicationManager_autogen/mocs_compilation.cpp */ = {isa = PBXFileReference; explicitFileType = sourcecode.cpp.cpp; fileEncoding = 4; name = mocs_compilation.cpp; path = "cmake-build/JobApplicationManager_autogen/mocs_compilation.cpp"; sourceTree = SOURCE_ROOT; };
		F2B8DBF6D2744CC39B12DAC4 /* /Users/pyoungjinji/resume_manager/qt_resume/qt_resume/first_window.h */ = {isa = PBXFileReference; explicitFileType = sourcecode.c.h; fileEncoding = 4; name = first_window.h; path = first_window.h; sourceTree = SOURCE_ROOT; };
/* End PBXFileReference section */

/* Begin PBXFrameworksBuildPhase section */
		E2747A176B6B4E0AB4D29FC5 /* Frameworks */ = {
			isa = PBXFrameworksBuildPhase;
			buildActionMask = 2147483647;
			files = (
			);
			runOnlyForDeploymentPostprocessing = 0;
		};
/* End PBXFrameworksBuildPhase section */

/* Begin PBXGroup section */
		1822F6345DD448169DA15DB0 /* Products */ = {
			isa = PBXGroup;
			children = (
				86CA7F13248D449FAF77151B /* JobApplicationManager */,
			);
			name = Products;
			sourceTree = "<group>";
		};
		186DED992215407CAFC7566A /* Header Files */ = {
			isa = PBXGroup;
			children = (
				3C83B6A90FED44278C72092C /* /Users/pyoungjinji/resume_manager/qt_resume/qt_resume/company_add_window.h */,
				1EC7F8E2E90D4F8680998EA4 /* /Users/pyoungjinji/resume_manager/qt_resume/qt_resume/company_model.h */,
				7DD86121D44341099782C284 /* /Users/pyoungjinji/resume_manager/qt_resume/qt_resume/company_window.h */,
				32D18F44CE7C402D95607D58 /* /Users/pyoungjinji/resume_manager/qt_resume/qt_resume/database_utils.h */,
				F2B8DBF6D2744CC39B12DAC4 /* /Users/pyoungjinji/resume_manager/qt_resume/qt_resume/first_window.h */,
				A1E2F3639AB148A6905C7463 /* /Users/pyoungjinji/resume_manager/qt_resume/qt_resume/num_issue_window.h */,
				CD7930C5785147B2AA3B1D28 /* /Users/pyoungjinji/resume_manager/qt_resume/qt_resume/type_qualification_window.h */,
				11EAF6AFD214483CA0C70566 /* /Users/pyoungjinji/resume_manager/qt_resume/qt_resume/write_resume_window.h */,
			);
			name = "Header Files";
			sourceTree = "<group>";
		};
		19A2F5B8914043E688595596 /* JobApplicationManager_autogen */ = {
			isa = PBXGroup;
			children = (
				1BA67C2CA89B4473826FF3EA /* CMake Rules */,
				A5E410B7BADD484E9ADC6CA2 /* /Users/pyoungjinji/resume_manager/qt_resume/qt_resume/CMakeLists.txt */,
			);
			name = JobApplicationManager_autogen;
			sourceTree = "<group>";
		};
		1BA67C2CA89B4473826FF3EA /* CMake Rules */ = {
			isa = PBXGroup;
			children = (
			);
			name = "CMake Rules";
			sourceTree = "<group>";
		};
		3303BC7BB24C44E582E71FFC /* Frameworks */ = {
			isa = PBXGroup;
			children = (
				379BC86054084A5D826A5FFE /* /opt/homebrew/opt/qt/lib/QtWidgets.framework */,
				0F34FD47ACA94858A93811C9 /* /opt/homebrew/opt/qt/lib/QtSql.framework */,
				21C868F9C1974D06A169BE8C /* /opt/homebrew/opt/qt/lib/QtGui.framework */,
				AA1405755B0F45559CBEABEB /* /Applications/Xcode.app/Contents/Developer/Platforms/MacOSX.platform/Developer/SDKs/MacOSX15.2.sdk/System/Library/Frameworks/AGL.framework */,
				3F6C21F72BEB4CBC94C54868 /* /opt/homebrew/opt/qt/lib/QtCore.framework */,
			);
			name = Frameworks;
			sourceTree = "<group>";
		};
		550EDDC8F00B4F7B924FD2A9 /* CMake Rules */ = {
			isa = PBXGroup;
			children = (
			);
			name = "CMake Rules";
			sourceTree = "<group>";
		};
		78D654AAEC68420F93872C51 /* Resources */ = {
			isa = PBXGroup;
			children = (
			);
			name = Resources;
			sourceTree = "<group>";
		};
		9029BBBC46604665944FBE60 /* JobApplicationManager */ = {
			isa = PBXGroup;
			children = (
				9CE28988535A43C18E2880AA /* Source Files */,
				186DED992215407CAFC7566A /* Header Files */,
				B8FE65F31B47466999D3F3B1 /* Resources */,
				3646B5E8584E45C69C4E6276 /* /Users/pyoungjinji/resume_manager/qt_resume/qt_resume/CMakeLists.txt */,
			);
			name = JobApplicationManager;
			sourceTree = "<group>";
		};
		9CE28988535A43C18E2880AA /* Source Files */ = {
			isa = PBXGroup;
			children = (
				ED0E2B9836CB4573B3CC55A9 /* /Users/pyoungjinji/resume_manager/qt_resume/qt_resume/cmake-build/JobApplicationManager_autogen/mocs_compilation.cpp */,
				76340092995C4C90A6C8A3FE /* /Users/pyoungjinji/resume_manager/qt_resume/qt_resume/company_add_window.cpp */,
				8B4D06EAC05F4A7B83D5A4FF /* /Users/pyoungjinji/resume_manager/qt_resume/qt_resume/company_window.cpp */,
				07C248F3362948F0B9086146 /* /Users/pyoungjinji/resume_manager/qt_resume/qt_resume/first_window.cpp */,
				65CE32606E2D4B84BD6C55DC /* /Users/pyoungjinji/resume_manager/qt_resume/qt_resume/main.cpp */,
				0BB57371136543D9A3DFDBC6 /* /Users/pyoungjinji/resume_manager/qt_resume/qt_resume/num_issue_window.cpp */,
				3E9EDD567E2C410D92DB14E9 /* /Users/pyoungjinji/resume_manager/qt_resume/qt_resume/type_qualification_window.cpp */,
				511C9426E2964ED0A788557D /* /Users/pyoungjinji/resume_manager/qt_resume/qt_resume/write_resume_window.cpp */,
			);
			name = "Source Files";
			sourceTree = "<group>";
		};
		B8FE65F31B47466999D3F3B1 /* Resources */ = {
			isa = PBXGroup;
			children = (
				94A4E875A0FD4D149BACFEA8 /* /Users/pyoungjinji/resume_manager/qt_resume/qt_resume/cmake-build/CMakeFiles/JobApplicationManager.dir/Info.plist */,
			);
			name = Resources;
			sourceTree = "<group>";
		};
		E77404A33FB44B98BFBAB19B /* ALL_BUILD */ = {
			isa = PBXGroup;
			children = (
				550EDDC8F00B4F7B924FD2A9 /* CMake Rules */,
				99D6213725FF439482337FEF /* /Users/pyoungjinji/resume_manager/qt_resume/qt_resume/CMakeLists.txt */,
			);
			name = ALL_BUILD;
			sourceTree = "<group>";
		};
		F1C883027EA448A5B85D6399 = {
			isa = PBXGroup;
			children = (
				9029BBBC46604665944FBE60 /* JobApplicationManager */,
				19A2F5B8914043E688595596 /* JobApplicationManager_autogen */,
				E77404A33FB44B98BFBAB19B /* ALL_BUILD */,
				1822F6345DD448169DA15DB0 /* Products */,
				3303BC7BB24C44E582E71FFC /* Frameworks */,
				78D654AAEC68420F93872C51 /* Resources */,
			);
			sourceTree = "<group>";
		};
/* End PBXGroup section */

/* Begin PBXNativeTarget section */
		E2EA549BF83189264A326AC5 /* JobApplicationManager */ = {
			isa = PBXNativeTarget;
			buildConfigurationList = E6304EF282AF4874BA3260E0 /* Build configuration list for PBXNativeTarget "JobApplicationManager" */;
			buildPhases = (
				D06F69885DBC4DBDACEB5EB6 /* Sources */,
				E2747A176B6B4E0AB4D29FC5 /* Frameworks */,
			);
			buildRules = (
			);
			dependencies = (
				63FD8111B3B34C91BAEBD304 /* PBXTargetDependency */,
				EE7EC37124DA497EA7FB5A5A /* PBXTargetDependency */,
			);
			name = JobApplicationManager;
			productName = JobApplicationManager;
			productReference = 86CA7F13248D449FAF77151B /* JobApplicationManager */;
			productType = "com.apple.product-type.application";
		};
/* End PBXNativeTarget section */

/* Begin PBXProject section */
		994791D60A9348E3B9001699 /* Project object */ = {
			isa = PBXProject;
			attributes = {
				BuildIndependentTargetsInParallel = YES;
				LastUpgradeCheck = 1620;
			};
			buildConfigurationList = 707CE755AC474EBC865664A7 /* Build configuration list for PBXProject "JobApplicationManager" */;
			buildSettings = {
			};
			buildStyles = (
				791FDF0922BE4991915921DE /* Debug */,
				CD05F176D94B4CDCB2EAFD9F /* Release */,
				09AD44176C2449E8A0E0906F /* MinSizeRel */,
				931E921EF15E4F58A8A22158 /* RelWithDebInfo */,
			);
			compatibilityVersion = "Xcode 3.2";
			hasScannedForEncodings = 0;
			mainGroup = F1C883027EA448A5B85D6399;
			projectDirPath = /Users/pyoungjinji/resume_manager/qt_resume/qt_resume;
			projectRoot = "";
			targets = (
				9A2F501FFB34BBBB716332CF /* ALL_BUILD */,
				E2EA549BF83189264A326AC5 /* JobApplicationManager */,
				EE56707A05407964095A1596 /* JobApplicationManager_autogen */,
				730B9880BC0375AFE330EF8D /* ZERO_CHECK */,
			);
		};
/* End PBXProject section */

/* Begin PBXShellScriptBuildPhase section */
		01CBDBAA626A5990F2C69CF7 /* Generate CMakeFiles/JobApplicationManager_autogen */ = {
			isa = PBXShellScriptBuildPhase;
			alwaysOutOfDate = 1;
			buildActionMask = 2147483647;
			files = (
			);
			inputPaths = (
			);
			name = "Generate CMakeFiles/JobApplicationManager_autogen";
			outputPaths = (
"/Users/pyoungjinji/resume_manager/qt_resume/qt_resume/cmake-build/CMakeFiles/JobApplicationManager_autogen","/Users/pyoungjinji/resume_manager/qt_resume/qt_resume/cmake-build/JobApplicationManager_autogen/mocs_compilation.cpp"			);
			runOnlyForDeploymentPostprocessing = 0;
			shellPath = /bin/sh;
			shellScript = "set -e
if test \"$CONFIGURATION\" = \"Debug\"; then :
  cd /Users/pyoungjinji/resume_manager/qt_resume/qt_resume/cmake-build
  /opt/homebrew/bin/cmake -E cmake_autogen /Users/pyoungjinji/resume_manager/qt_resume/qt_resume/cmake-build/CMakeFiles/JobApplicationManager_autogen.dir/AutogenInfo.json Debug
fi
if test \"$CONFIGURATION\" = \"Release\"; then :
  cd /Users/pyoungjinji/resume_manager/qt_resume/qt_resume/cmake-build
  /opt/homebrew/bin/cmake -E cmake_autogen /Users/pyoungjinji/resume_manager/qt_resume/qt_resume/cmake-build/CMakeFiles/JobApplicationManager_autogen.dir/AutogenInfo.json Release
fi
if test \"$CONFIGURATION\" = \"MinSizeRel\"; then :
  cd /Users/pyoungjinji/resume_manager/qt_resume/qt_resume/cmake-build
  /opt/homebrew/bin/cmake -E cmake_autogen /Users/pyoungjinji/resume_manager/qt_resume/qt_resume/cmake-build/CMakeFiles/JobApplicationManager_autogen.dir/AutogenInfo.json MinSizeRel
fi
if test \"$CONFIGURATION\" = \"RelWithDebInfo\"; then :
  cd /Users/pyoungjinji/resume_manager/qt_resume/qt_resume/cmake-build
  /opt/homebrew/bin/cmake -E cmake_autogen /Users/pyoungjinji/resume_manager/qt_resume/qt_resume/cmake-build/CMakeFiles/JobApplicationManager_autogen.dir/AutogenInfo.json RelWithDebInfo
fi
";
			showEnvVarsInLog = 0;
		};
		04445BBF810A5168800C35F7 /* Generate CMakeFiles/ALL_BUILD */ = {
			isa = PBXShellScriptBuildPhase;
			alwaysOutOfDate = 1;
			buildActionMask = 2147483647;
			files = (
			);
			inputPaths = (
			);
			name = "Generate CMakeFiles/ALL_BUILD";
			outputPaths = (
"/Users/pyoungjinji/resume_manager/qt_resume/qt_resume/cmake-build/CMakeFiles/ALL_BUILD"			);
			runOnlyForDeploymentPostprocessing = 0;
			shellPath = /bin/sh;
			shellScript = "set -e
if test \"$CONFIGURATION\" = \"Debug\"; then :
  cd /Users/pyoungjinji/resume_manager/qt_resume/qt_resume/cmake-build
  echo Build\\ all\\ projects
fi
if test \"$CONFIGURATION\" = \"Release\"; then :
  cd /Users/pyoungjinji/resume_manager/qt_resume/qt_resume/cmake-build
  echo Build\\ all\\ projects
fi
if test \"$CONFIGURATION\" = \"MinSizeRel\"; then :
  cd /Users/pyoungjinji/resume_manager/qt_resume/qt_resume/cmake-build
  echo Build\\ all\\ projects
fi
if test \"$CONFIGURATION\" = \"RelWithDebInfo\"; then :
  cd /Users/pyoungjinji/resume_manager/qt_resume/qt_resume/cmake-build
  echo Build\\ all\\ projects
fi
";
			showEnvVarsInLog = 0;
		};
		3C0110FC8322DE7E50886E21 = {
			isa = PBXShellScriptBuildPhase;
			buildActionMask = 2147483647;
			files = (
			);
			inputPaths = (
			);
			outputPaths = (
			);
			runOnlyForDeploymentPostprocessing = 0;
			shellPath = /bin/sh;
			shellScript = "# shell script goes here
exit 0";
			showEnvVarsInLog = 0;
		};
		4BF7E764E26DCB8B39BEB795 = {
			isa = PBXShellScriptBuildPhase;
			buildActionMask = 2147483647;
			files = (
			);
			inputPaths = (
			);
			outputPaths = (
			);
			runOnlyForDeploymentPostprocessing = 0;
			shellPath = /bin/sh;
			shellScript = "# shell script goes here
exit 0";
			showEnvVarsInLog = 0;
		};
		89A0514433B64EEC476C190F /* Generate CMakeFiles/ZERO_CHECK */ = {
			isa = PBXShellScriptBuildPhase;
			alwaysOutOfDate = 1;
			buildActionMask = 2147483647;
			files = (
			);
			inputPaths = (
			);
			name = "Generate CMakeFiles/ZERO_CHECK";
			outputPaths = (
"/Users/pyoungjinji/resume_manager/qt_resume/qt_resume/cmake-build/CMakeFiles/ZERO_CHECK"			);
			runOnlyForDeploymentPostprocessing = 0;
			shellPath = /bin/sh;
			shellScript = "set -e
if test \"$CONFIGURATION\" = \"Debug\"; then :
  cd /Users/pyoungjinji/resume_manager/qt_resume/qt_resume/cmake-build
  make -f /Users/pyoungjinji/resume_manager/qt_resume/qt_resume/cmake-build/CMakeScripts/ReRunCMake.make
fi
if test \"$CONFIGURATION\" = \"Release\"; then :
  cd /Users/pyoungjinji/resume_manager/qt_resume/qt_resume/cmake-build
  make -f /Users/pyoungjinji/resume_manager/qt_resume/qt_resume/cmake-build/CMakeScripts/ReRunCMake.make
fi
if test \"$CONFIGURATION\" = \"MinSizeRel\"; then :
  cd /Users/pyoungjinji/resume_manager/qt_resume/qt_resume/cmake-build
  make -f /Users/pyoungjinji/resume_manager/qt_resume/qt_resume/cmake-build/CMakeScripts/ReRunCMake.make
fi
if test \"$CONFIGURATION\" = \"RelWithDebInfo\"; then :
  cd /Users/pyoungjinji/resume_manager/qt_resume/qt_resume/cmake-build
  make -f /Users/pyoungjinji/resume_manager/qt_resume/qt_resume/cmake-build/CMakeScripts/ReRunCMake.make
fi
";
			showEnvVarsInLog = 0;
		};
		9B50530E35CC49C82C2FACCF = {
			isa = PBXShellScriptBuildPhase;
			buildActionMask = 2147483647;
			files = (
			);
			inputPaths = (
			);
			outputPaths = (
			);
			runOnlyForDeploymentPostprocessing = 0;
			shellPath = /bin/sh;
			shellScript = "# shell script goes here
exit 0";
			showEnvVarsInLog = 0;
		};
/* End PBXShellScriptBuildPhase section */

/* Begin PBXSourcesBuildPhase section */
		D06F69885DBC4DBDACEB5EB6 /* Sources */ = {
			isa = PBXSourcesBuildPhase;
			buildActionMask = 2147483647;
			files = (
				6A8B432A2C8A4C1E8E4C095D /* /Users/pyoungjinji/resume_manager/qt_resume/qt_resume/cmake-build/JobApplicationManager_autogen/mocs_compilation.cpp */,
				31BBDB32FCC04705857757F5 /* /Users/pyoungjinji/resume_manager/qt_resume/qt_resume/company_add_window.cpp */,
				45660EA76DAF44DFA263183E /* /Users/pyoungjinji/resume_manager/qt_resume/qt_resume/company_window.cpp */,
				38A0B6F2565C45F9BBA935A4 /* /Users/pyoungjinji/resume_manager/qt_resume/qt_resume/first_window.cpp */,
				327D394A3D774B91AE1589F7 /* /Users/pyoungjinji/resume_manager/qt_resume/qt_resume/main.cpp */,
				D846EAA459954043B5E41E04 /* /Users/pyoungjinji/resume_manager/qt_resume/qt_resume/num_issue_window.cpp */,
				5B3911CAA3C7459098337CD6 /* /Users/pyoungjinji/resume_manager/qt_resume/qt_resume/type_qualification_window.cpp */,
				D3D7A37248F245D0A7C52BB9 /* /Users/pyoungjinji/resume_manager/qt_resume/qt_resume/write_resume_window.cpp */,
			);
			runOnlyForDeploymentPostprocessing = 0;
		};
/* End PBXSourcesBuildPhase section */

/* Begin PBXTargetDependency section */
		2FDD211004D84899BD473542 /* PBXTargetDependency */ = {
			isa = PBXTargetDependency;
			target = E2EA549BF83189264A326AC5 /* JobApplicationManager */;
			targetProxy = 47AF199DBD7142819DB4BF1F /* PBXContainerItemProxy */;
		};
		5E19AC274F884BB09D1AA996 /* PBXTargetDependency */ = {
			isa = PBXTargetDependency;
			target = 730B9880BC0375AFE330EF8D /* ZERO_CHECK */;
			targetProxy = 6E402D5572BD4656810FF67D /* PBXContainerItemProxy */;
		};
		63FD8111B3B34C91BAEBD304 /* PBXTargetDependency */ = {
			isa = PBXTargetDependency;
			target = 730B9880BC0375AFE330EF8D /* ZERO_CHECK */;
			targetProxy = CD2ED20747D94F349A3D5D30 /* PBXContainerItemProxy */;
		};
		8D812A58748D45EB875B2FF9 /* PBXTargetDependency */ = {
			isa = PBXTargetDependency;
			target = 730B9880BC0375AFE330EF8D /* ZERO_CHECK */;
			targetProxy = 07112B57C7E9480394D91015 /* PBXContainerItemProxy */;
		};
		EE7EC37124DA497EA7FB5A5A /* PBXTargetDependency */ = {
			isa = PBXTargetDependency;
			target = EE56707A05407964095A1596 /* JobApplicationManager_autogen */;
			targetProxy = D8DA0C1C5A164E58A2B3D493 /* PBXContainerItemProxy */;
		};
/* End PBXTargetDependency section */

/* Begin XCBuildConfiguration section */
		06D436C388D14E248469E780 /* MinSizeRel */ = {
			isa = XCBuildConfiguration;
			buildSettings = {
				ALWAYS_SEARCH_USER_PATHS = NO;
				ARCHS = arm64;
				COMBINE_HIDPI_IMAGES = YES;
				GCC_GENERATE_DEBUGGING_SYMBOLS = YES;
				GCC_INLINES_ARE_PRIVATE_EXTERN = NO;
				GCC_OPTIMIZATION_LEVEL = 0;
				GCC_PREPROCESSOR_DEFINITIONS = ("'CMAKE_INTDIR=\"$(CONFIGURATION)$(EFFECTIVE_PLATFORM_NAME)\"'","$(inherited)");
				GCC_SYMBOLS_PRIVATE_EXTERN = NO;
				INSTALL_PATH = "";
				ONLY_ACTIVE_ARCH = NO;
				OTHER_LDFLAGS = ("","$(inherited)");
				OTHER_REZFLAGS = "";
				PRODUCT_NAME = ZERO_CHECK;
				SECTORDER_FLAGS = "";
				USE_HEADERMAP = NO;
				WARNING_CFLAGS = ("$(inherited)");
			};
			name = MinSizeRel;
		};
		152A3A85B51640BDBC0C0775 /* MinSizeRel */ = {
			isa = XCBuildConfiguration;
			buildSettings = {
				ALWAYS_SEARCH_USER_PATHS = NO;
				ARCHS = arm64;
				COMBINE_HIDPI_IMAGES = YES;
				GCC_GENERATE_DEBUGGING_SYMBOLS = YES;
				GCC_INLINES_ARE_PRIVATE_EXTERN = NO;
				GCC_OPTIMIZATION_LEVEL = 0;
				GCC_PREPROCESSOR_DEFINITIONS = ("'CMAKE_INTDIR=\"$(CONFIGURATION)$(EFFECTIVE_PLATFORM_NAME)\"'","$(inherited)");
				GCC_SYMBOLS_PRIVATE_EXTERN = NO;
				INSTALL_PATH = "";
				ONLY_ACTIVE_ARCH = NO;
				OTHER_LDFLAGS = ("","$(inherited)");
				OTHER_REZFLAGS = "";
				PRODUCT_NAME = JobApplicationManager_autogen;
				SECTORDER_FLAGS = "";
				USE_HEADERMAP = NO;
				WARNING_CFLAGS = ("$(inherited)");
			};
			name = MinSizeRel;
		};
		513040054E864EBDB3C33620 /* RelWithDebInfo */ = {
			isa = XCBuildConfiguration;
			buildSettings = {
				ALWAYS_SEARCH_USER_PATHS = NO;
				ARCHS = arm64;
				COMBINE_HIDPI_IMAGES = YES;
				GCC_GENERATE_DEBUGGING_SYMBOLS = YES;
				GCC_INLINES_ARE_PRIVATE_EXTERN = NO;
				GCC_OPTIMIZATION_LEVEL = 0;
				GCC_PREPROCESSOR_DEFINITIONS = ("'CMAKE_INTDIR=\"$(CONFIGURATION)$(EFFECTIVE_PLATFORM_NAME)\"'","$(inherited)");
				GCC_SYMBOLS_PRIVATE_EXTERN = NO;
				INSTALL_PATH = "";
				ONLY_ACTIVE_ARCH = NO;
				OTHER_LDFLAGS = ("","$(inherited)");
				OTHER_REZFLAGS = "";
				PRODUCT_NAME = JobApplicationManager_autogen;
				SECTORDER_FLAGS = "";
				USE_HEADERMAP = NO;
				WARNING_CFLAGS = ("$(inherited)");
			};
			name = RelWithDebInfo;
		};
		59C1A8B73FE1456E87A1B274 /* MinSizeRel */ = {
			isa = XCBuildConfiguration;
			buildSettings = {
				ARCHS = arm64;
				SDKROOT = /Applications/Xcode.app/Contents/Developer/Platforms/MacOSX.platform/Developer/SDKs/MacOSX15.2.sdk;
				SWIFT_COMPILATION_MODE = wholemodule;
				SYMROOT = "/Users/pyoungjinji/resume_manager/qt_resume/qt_resume/cmake-build/build";
			};
			name = MinSizeRel;
		};
		5F1EC3608629462289ED12B0 /* Debug */ = {
			isa = XCBuildConfiguration;
			buildSettings = {
				ALWAYS_SEARCH_USER_PATHS = NO;
				ARCHS = arm64;
				CODE_SIGN_STYLE = Automatic;
				COMBINE_HIDPI_IMAGES = YES;
				CONFIGURATION_BUILD_DIR = "/Users/pyoungjinji/resume_manager/qt_resume/qt_resume/cmake-build/Debug";
				CURRENT_PROJECT_VERSION = 1.0.0;
				DEBUG_INFORMATION_FORMAT = dwarf;
				DEVELOPMENT_TEAM = "";
				EXECUTABLE_PREFIX = "";
				EXECUTABLE_SUFFIX = "";
				GCC_GENERATE_DEBUGGING_SYMBOLS = YES;
				GCC_INLINES_ARE_PRIVATE_EXTERN = NO;
				GCC_OPTIMIZATION_LEVEL = 0;
				GCC_PREPROCESSOR_DEFINITIONS = ("'CMAKE_INTDIR=\"$(CONFIGURATION)$(EFFECTIVE_PLATFORM_NAME)\"'",QT_CORE_LIB,QT_GUI_LIB,QT_WIDGETS_LIB,QT_SQL_LIB,"$(inherited)");
				GCC_SYMBOLS_PRIVATE_EXTERN = NO;
				HEADER_SEARCH_PATHS = ("/Users/pyoungjinji/resume_manager/qt_resume/qt_resume/cmake-build",/Users/pyoungjinji/resume_manager/qt_resume/qt_resume,"/Users/pyoungjinji/resume_manager/qt_resume/qt_resume/cmake-build/JobApplicationManager_autogen/include_Debug","$(inherited)");
				INFOPLIST_FILE = "/Users/pyoungjinji/resume_manager/qt_resume/qt_resume/cmake-build/CMakeFiles/JobApplicationManager.dir/Info.plist";
				INSTALL_PATH = "$(inherited)";
				LD_RUNPATH_SEARCH_PATHS = (/opt/homebrew/opt/qt/lib,"$(inherited)");
				MARKETING_VERSION = 1.0;
				ONLY_ACTIVE_ARCH = NO;
				OTHER_CPLUSPLUSFLAGS = "   '-std=gnu++17' ";
				OTHER_LDFLAGS = (" -Wl,-search_paths_first -Wl,-headerpad_max_install_names",/opt/homebrew/opt/qt/lib/QtWidgets.framework/Versions/A/QtWidgets,/opt/homebrew/opt/qt/lib/QtSql.framework/Versions/A/QtSql,/opt/homebrew/opt/qt/lib/QtGui.framework/Versions/A/QtGui,"-framework AGL","-framework AppKit","-framework OpenGL","-framework ImageIO","-framework Metal",/opt/homebrew/opt/qt/lib/QtCore.framework/Versions/A/QtCore,"-framework IOKit","-framework DiskArbitration","-framework UniformTypeIdentifiers","$(inherited)");
				OTHER_REZFLAGS = "";
				PRODUCT_BUNDLE_IDENTIFIER = com.example.jobapplicationmanager;
				PRODUCT_NAME = JobApplicationManager;
				SECTORDER_FLAGS = "";
				SYSTEM_FRAMEWORK_SEARCH_PATHS = (/opt/homebrew/opt/qt/lib,"$(inherited)");
				SYSTEM_HEADER_SEARCH_PATHS = (/opt/homebrew/opt/qt/lib/QtCore.framework/Headers,"/opt/homebrew/opt/qt/share/qt/mkspecs/macx-clang",/opt/homebrew/opt/qt/include,/opt/homebrew/opt/qt/lib/QtGui.framework/Headers,/opt/homebrew/opt/qt/lib/QtWidgets.framework/Headers,/opt/homebrew/opt/qt/lib/QtSql.framework/Headers,"$(inherited)");
				TARGET_TEMP_DIR = "/Users/pyoungjinji/resume_manager/qt_resume/qt_resume/cmake-build/build/JobApplicationManager.build/$(CONFIGURATION)$(EFFECTIVE_PLATFORM_NAME)";
				USE_HEADERMAP = NO;
				WARNING_CFLAGS = ("$(inherited)");
			};
			name = Debug;
		};
		65134E90E44E4387B014A262 /* RelWithDebInfo */ = {
			isa = XCBuildConfiguration;
			buildSettings = {
				ALWAYS_SEARCH_USER_PATHS = NO;
				ARCHS = arm64;
				CODE_SIGN_STYLE = Automatic;
				COMBINE_HIDPI_IMAGES = YES;
				CONFIGURATION_BUILD_DIR = "/Users/pyoungjinji/resume_manager/qt_resume/qt_resume/cmake-build/RelWithDebInfo";
				CURRENT_PROJECT_VERSION = 1.0.0;
				DEBUG_INFORMATION_FORMAT = "dwarf-with-dsym";
				DEVELOPMENT_TEAM = "";
				EXECUTABLE_PREFIX = "";
				EXECUTABLE_SUFFIX = "";
				GCC_GENERATE_DEBUGGING_SYMBOLS = YES;
				GCC_INLINES_ARE_PRIVATE_EXTERN = NO;
				GCC_OPTIMIZATION_LEVEL = 2;
				GCC_PREPROCESSOR_DEFINITIONS = ("'CMAKE_INTDIR=\"$(CONFIGURATION)$(EFFECTIVE_PLATFORM_NAME)\"'",QT_CORE_LIB,QT_NO_DEBUG,QT_GUI_LIB,QT_WIDGETS_LIB,QT_SQL_LIB,"$(inherited)");
				GCC_SYMBOLS_PRIVATE_EXTERN = NO;
				HEADER_SEARCH_PATHS = ("/Users/pyoungjinji/resume_manager/qt_resume/qt_resume/cmake-build",/Users/pyoungjinji/resume_manager/qt_resume/qt_resume,"/Users/pyoungjinji/resume_manager/qt_resume/qt_resume/cmake-build/JobApplicationManager_autogen/include_RelWithDebInfo","$(inherited)");
				INFOPLIST_FILE = "/Users/pyoungjinji/resume_manager/qt_resume/qt_resume/cmake-build/CMakeFiles/JobApplicationManager.dir/Info.plist";
				INSTALL_PATH = "$(inherited)";
				LD_RUNPATH_SEARCH_PATHS = (/opt/homebrew/opt/qt/lib,"$(inherited)");
				MARKETING_VERSION = 1.0;
				ONLY_ACTIVE_ARCH = NO;
				OTHER_CPLUSPLUSFLAGS = "       -DNDEBUG '-std=gnu++17' ";
				OTHER_LDFLAGS = (" -Wl,-search_paths_first -Wl,-headerpad_max_install_names",/opt/homebrew/opt/qt/lib/QtWidgets.framework/Versions/A/QtWidgets,/opt/homebrew/opt/qt/lib/QtSql.framework/Versions/A/QtSql,/opt/homebrew/opt/qt/lib/QtGui.framework/Versions/A/QtGui,"-framework AGL","-framework AppKit","-framework OpenGL","-framework ImageIO","-framework Metal",/opt/homebrew/opt/qt/lib/QtCore.framework/Versions/A/QtCore,"-framework IOKit","-framework DiskArbitration","-framework UniformTypeIdentifiers","$(inherited)");
				OTHER_REZFLAGS = "";
				PRODUCT_BUNDLE_IDENTIFIER = com.example.jobapplicationmanager;
				PRODUCT_NAME = JobApplicationManager;
				SECTORDER_FLAGS = "";
				SYSTEM_FRAMEWORK_SEARCH_PATHS = (/opt/homebrew/opt/qt/lib,"$(inherited)");
				SYSTEM_HEADER_SEARCH_PATHS = (/opt/homebrew/opt/qt/lib/QtCore.framework/Headers,"/opt/homebrew/opt/qt/share/qt/mkspecs/macx-clang",/opt/homebrew/opt/qt/include,/opt/homebrew/opt/qt/lib/QtGui.framework/Headers,/opt/homebrew/opt/qt/lib/QtWidgets.framework/Headers,/opt/homebrew/opt/qt/lib/QtSql.framework/Headers,"$(inherited)");
				TARGET_TEMP_DIR = "/Users/pyoungjinji/resume_manager/qt_resume/qt_resume/cmake-build/build/JobApplicationManager.build/$(CONFIGURATION)$(EFFECTIVE_PLATFORM_NAME)";
				USE_HEADERMAP = NO;
				WARNING_CFLAGS = ("$(inherited)");
			};
			name = RelWithDebInfo;
		};
		690807C328754EDCAB647027 /* Release */ = {
			isa = XCBuildConfiguration;
			buildSettings = {
				ALWAYS_SEARCH_USER_PATHS = NO;
				ARCHS = arm64;
				COMBINE_HIDPI_IMAGES = YES;
				GCC_GENERATE_DEBUGGING_SYMBOLS = YES;
				GCC_INLINES_ARE_PRIVATE_EXTERN = NO;
				GCC_OPTIMIZATION_LEVEL = 0;
				GCC_PREPROCESSOR_DEFINITIONS = ("'CMAKE_INTDIR=\"$(CONFIGURATION)$(EFFECTIVE_PLATFORM_NAME)\"'","$(inherited)");
				GCC_SYMBOLS_PRIVATE_EXTERN = NO;
				INSTALL_PATH = "";
				ONLY_ACTIVE_ARCH = NO;
				OTHER_LDFLAGS = ("","$(inherited)");
				OTHER_REZFLAGS = "";
				PRODUCT_NAME = ALL_BUILD;
				SECTORDER_FLAGS = "";
				USE_HEADERMAP = NO;
				WARNING_CFLAGS = ("$(inherited)");
			};
			name = Release;
		};
		6F87EE82AC54446A860DB20E /* RelWithDebInfo */ = {
			isa = XCBuildConfiguration;
			buildSettings = {
				ARCHS = arm64;
				SDKROOT = /Applications/Xcode.app/Contents/Developer/Platforms/MacOSX.platform/Developer/SDKs/MacOSX15.2.sdk;
				SWIFT_COMPILATION_MODE = wholemodule;
				SYMROOT = "/Users/pyoungjinji/resume_manager/qt_resume/qt_resume/cmake-build/build";
			};
			name = RelWithDebInfo;
		};
		7B413D5D9EC04812A823D6C9 /* Debug */ = {
			isa = XCBuildConfiguration;
			buildSettings = {
				ALWAYS_SEARCH_USER_PATHS = NO;
				ARCHS = arm64;
				COMBINE_HIDPI_IMAGES = YES;
				GCC_GENERATE_DEBUGGING_SYMBOLS = YES;
				GCC_INLINES_ARE_PRIVATE_EXTERN = NO;
				GCC_OPTIMIZATION_LEVEL = 0;
				GCC_PREPROCESSOR_DEFINITIONS = ("'CMAKE_INTDIR=\"$(CONFIGURATION)$(EFFECTIVE_PLATFORM_NAME)\"'","$(inherited)");
				GCC_SYMBOLS_PRIVATE_EXTERN = NO;
				INSTALL_PATH = "";
				ONLY_ACTIVE_ARCH = NO;
				OTHER_LDFLAGS = ("","$(inherited)");
				OTHER_REZFLAGS = "";
				PRODUCT_NAME = ALL_BUILD;
				SECTORDER_FLAGS = "";
				USE_HEADERMAP = NO;
				WARNING_CFLAGS = ("$(inherited)");
			};
			name = Debug;
		};
		89C01B967C8F469D9DC88BF4 /* RelWithDebInfo */ = {
			isa = XCBuildConfiguration;
			buildSettings = {
				ALWAYS_SEARCH_USER_PATHS = NO;
				ARCHS = arm64;
				COMBINE_HIDPI_IMAGES = YES;
				GCC_GENERATE_DEBUGGING_SYMBOLS = YES;
				GCC_INLINES_ARE_PRIVATE_EXTERN = NO;
				GCC_OPTIMIZATION_LEVEL = 0;
				GCC_PREPROCESSOR_DEFINITIONS = ("'CMAKE_INTDIR=\"$(CONFIGURATION)$(EFFECTIVE_PLATFORM_NAME)\"'","$(inherited)");
				GCC_SYMBOLS_PRIVATE_EXTERN = NO;
				INSTALL_PATH = "";
				ONLY_ACTIVE_ARCH = NO;
				OTHER_LDFLAGS = ("","$(inherited)");
				OTHER_REZFLAGS = "";
				PRODUCT_NAME = ALL_BUILD;
				SECTORDER_FLAGS = "";
				USE_HEADERMAP = NO;
				WARNING_CFLAGS = ("$(inherited)");
			};
			name = RelWithDebInfo;
		};
		8C08E5FD8D0B43BE9D165EB9 /* MinSizeRel */ = {
			isa = XCBuildConfiguration;
			buildSettings = {
				ALWAYS_SEARCH_USER_PATHS = NO;
				ARCHS = arm64;
				CODE_SIGN_STYLE = Automatic;
				COMBINE_HIDPI_IMAGES = YES;
				CONFIGURATION_BUILD_DIR = "/Users/pyoungjinji/resume_manager/qt_resume/qt_resume/cmake-build/MinSizeRel";
				CURRENT_PROJECT_VERSION = 1.0.0;
				DEBUG_INFORMATION_FORMAT = "dwarf-with-dsym";
				DEVELOPMENT_TEAM = "";
				EXECUTABLE_PREFIX = "";
				EXECUTABLE_SUFFIX = "";
				GCC_GENERATE_DEBUGGING_SYMBOLS = YES;
				GCC_INLINES_ARE_PRIVATE_EXTERN = NO;
				GCC_OPTIMIZATION_LEVEL = s;
				GCC_PREPROCESSOR_DEFINITIONS = ("'CMAKE_INTDIR=\"$(CONFIGURATION)$(EFFECTIVE_PLATFORM_NAME)\"'",QT_CORE_LIB,QT_NO_DEBUG,QT_GUI_LIB,QT_WIDGETS_LIB,QT_SQL_LIB,"$(inherited)");
				GCC_SYMBOLS_PRIVATE_EXTERN = NO;
				HEADER_SEARCH_PATHS = ("/Users/pyoungjinji/resume_manager/qt_resume/qt_resume/cmake-build",/Users/pyoungjinji/resume_manager/qt_resume/qt_resume,"/Users/pyoungjinji/resume_manager/qt_resume/qt_resume/cmake-build/JobApplicationManager_autogen/include_MinSizeRel","$(inherited)");
				INFOPLIST_FILE = "/Users/pyoungjinji/resume_manager/qt_resume/qt_resume/cmake-build/CMakeFiles/JobApplicationManager.dir/Info.plist";
				INSTALL_PATH = "$(inherited)";
				LD_RUNPATH_SEARCH_PATHS = (/opt/homebrew/opt/qt/lib,"$(inherited)");
				MARKETING_VERSION = 1.0;
				ONLY_ACTIVE_ARCH = NO;
				OTHER_CPLUSPLUSFLAGS = "    -DNDEBUG '-std=gnu++17' ";
				OTHER_LDFLAGS = (" -Wl,-search_paths_first -Wl,-headerpad_max_install_names",/opt/homebrew/opt/qt/lib/QtWidgets.framework/Versions/A/QtWidgets,/opt/homebrew/opt/qt/lib/QtSql.framework/Versions/A/QtSql,/opt/homebrew/opt/qt/lib/QtGui.framework/Versions/A/QtGui,"-framework AGL","-framework AppKit","-framework OpenGL","-framework ImageIO","-framework Metal",/opt/homebrew/opt/qt/lib/QtCore.framework/Versions/A/QtCore,"-framework IOKit","-framework DiskArbitration","-framework UniformTypeIdentifiers","$(inherited)");
				OTHER_REZFLAGS = "";
				PRODUCT_BUNDLE_IDENTIFIER = com.example.jobapplicationmanager;
				PRODUCT_NAME = JobApplicationManager;
				SECTORDER_FLAGS = "";
				SYSTEM_FRAMEWORK_SEARCH_PATHS = (/opt/homebrew/opt/qt/lib,"$(inherited)");
				SYSTEM_HEADER_SEARCH_PATHS = (/opt/homebrew/opt/qt/lib/QtCore.framework/Headers,"/opt/homebrew/opt/qt/share/qt/mkspecs/macx-clang",/opt/homebrew/opt/qt/include,/opt/homebrew/opt/qt/lib/QtGui.framework/Headers,/opt/homebrew/opt/qt/lib/QtWidgets.framework/Headers,/opt/homebrew/opt/qt/lib/QtSql.framework/Headers,"$(inherited)");
				TARGET_TEMP_DIR = "/Users/pyoungjinji/resume_manager/qt_resume/qt_resume/cmake-build/build/JobApplicationManager.build/$(CONFIGURATION)$(EFFECTIVE_PLATFORM_NAME)";
				USE_HEADERMAP = NO;
				WARNING_CFLAGS = ("$(inherited)");
			};
			name = MinSizeRel;
		};
		952D9F1865AC4CE09E6B93E2 /* Release */ = {
			isa = XCBuildConfiguration;
			buildSettings = {
				ARCHS = arm64;
				SDKROOT = /Applications/Xcode.app/Contents/Developer/Platforms/MacOSX.platform/Developer/SDKs/MacOSX15.2.sdk;
				SWIFT_COMPILATION_MODE = wholemodule;
				SYMROOT = "/Users/pyoungjinji/resume_manager/qt_resume/qt_resume/cmake-build/build";
			};
			name = Release;
		};
		96781DD1DB5246B8914186E6 /* Debug */ = {
			isa = XCBuildConfiguration;
			buildSettings = {
				ALWAYS_SEARCH_USER_PATHS = NO;
				ARCHS = arm64;
				COMBINE_HIDPI_IMAGES = YES;
				GCC_GENERATE_DEBUGGING_SYMBOLS = YES;
				GCC_INLINES_ARE_PRIVATE_EXTERN = NO;
				GCC_OPTIMIZATION_LEVEL = 0;
				GCC_PREPROCESSOR_DEFINITIONS = ("'CMAKE_INTDIR=\"$(CONFIGURATION)$(EFFECTIVE_PLATFORM_NAME)\"'","$(inherited)");
				GCC_SYMBOLS_PRIVATE_EXTERN = NO;
				INSTALL_PATH = "";
				ONLY_ACTIVE_ARCH = NO;
				OTHER_LDFLAGS = ("","$(inherited)");
				OTHER_REZFLAGS = "";
				PRODUCT_NAME = ZERO_CHECK;
				SECTORDER_FLAGS = "";
				USE_HEADERMAP = NO;
				WARNING_CFLAGS = ("$(inherited)");
			};
			name = Debug;
		};
		ACF897A10A1345078F89216D /* MinSizeRel */ = {
			isa = XCBuildConfiguration;
			buildSettings = {
				ALWAYS_SEARCH_USER_PATHS = NO;
				ARCHS = arm64;
				COMBINE_HIDPI_IMAGES = YES;
				GCC_GENERATE_DEBUGGING_SYMBOLS = YES;
				GCC_INLINES_ARE_PRIVATE_EXTERN = NO;
				GCC_OPTIMIZATION_LEVEL = 0;
				GCC_PREPROCESSOR_DEFINITIONS = ("'CMAKE_INTDIR=\"$(CONFIGURATION)$(EFFECTIVE_PLATFORM_NAME)\"'","$(inherited)");
				GCC_SYMBOLS_PRIVATE_EXTERN = NO;
				INSTALL_PATH = "";
				ONLY_ACTIVE_ARCH = NO;
				OTHER_LDFLAGS = ("","$(inherited)");
				OTHER_REZFLAGS = "";
				PRODUCT_NAME = ALL_BUILD;
				SECTORDER_FLAGS = "";
				USE_HEADERMAP = NO;
				WARNING_CFLAGS = ("$(inherited)");
			};
			name = MinSizeRel;
		};
		AEB6C81A4452496FAD7F615A /* Release */ = {
			isa = XCBuildConfiguration;
			buildSettings = {
				ALWAYS_SEARCH_USER_PATHS = NO;
				ARCHS = arm64;
				CODE_SIGN_STYLE = Automatic;
				COMBINE_HIDPI_IMAGES = YES;
				CONFIGURATION_BUILD_DIR = "/Users/pyoungjinji/resume_manager/qt_resume/qt_resume/cmake-build/Release";
				CURRENT_PROJECT_VERSION = 1.0.0;
				DEBUG_INFORMATION_FORMAT = "dwarf-with-dsym";
				DEVELOPMENT_TEAM = "";
				EXECUTABLE_PREFIX = "";
				EXECUTABLE_SUFFIX = "";
				GCC_GENERATE_DEBUGGING_SYMBOLS = YES;
				GCC_INLINES_ARE_PRIVATE_EXTERN = NO;
				GCC_OPTIMIZATION_LEVEL = 3;
				GCC_PREPROCESSOR_DEFINITIONS = ("'CMAKE_INTDIR=\"$(CONFIGURATION)$(EFFECTIVE_PLATFORM_NAME)\"'",QT_CORE_LIB,QT_NO_DEBUG,QT_GUI_LIB,QT_WIDGETS_LIB,QT_SQL_LIB,"$(inherited)");
				GCC_SYMBOLS_PRIVATE_EXTERN = NO;
				HEADER_SEARCH_PATHS = ("/Users/pyoungjinji/resume_manager/qt_resume/qt_resume/cmake-build",/Users/pyoungjinji/resume_manager/qt_resume/qt_resume,"/Users/pyoungjinji/resume_manager/qt_resume/qt_resume/cmake-build/JobApplicationManager_autogen/include_Release","$(inherited)");
				INFOPLIST_FILE = "/Users/pyoungjinji/resume_manager/qt_resume/qt_resume/cmake-build/CMakeFiles/JobApplicationManager.dir/Info.plist";
				INSTALL_PATH = "$(inherited)";
				LD_RUNPATH_SEARCH_PATHS = (/opt/homebrew/opt/qt/lib,"$(inherited)");
				MARKETING_VERSION = 1.0;
				ONLY_ACTIVE_ARCH = NO;
				OTHER_CPLUSPLUSFLAGS = "    -DNDEBUG '-std=gnu++17' ";
				OTHER_LDFLAGS = (" -Wl,-search_paths_first -Wl,-headerpad_max_install_names",/opt/homebrew/opt/qt/lib/QtWidgets.framework/Versions/A/QtWidgets,/opt/homebrew/opt/qt/lib/QtSql.framework/Versions/A/QtSql,/opt/homebrew/opt/qt/lib/QtGui.framework/Versions/A/QtGui,"-framework AGL","-framework AppKit","-framework OpenGL","-framework ImageIO","-framework Metal",/opt/homebrew/opt/qt/lib/QtCore.framework/Versions/A/QtCore,"-framework IOKit","-framework DiskArbitration","-framework UniformTypeIdentifiers","$(inherited)");
				OTHER_REZFLAGS = "";
				PRODUCT_BUNDLE_IDENTIFIER = com.example.jobapplicationmanager;
				PRODUCT_NAME = JobApplicationManager;
				SECTORDER_FLAGS = "";
				SYSTEM_FRAMEWORK_SEARCH_PATHS = (/opt/homebrew/opt/qt/lib,"$(inherited)");
				SYSTEM_HEADER_SEARCH_PATHS = (/opt/homebrew/opt/qt/lib/QtCore.framework/Headers,"/opt/homebrew/opt/qt/share/qt/mkspecs/macx-clang",/opt/homebrew/opt/qt/include,/opt/homebrew/opt/qt/lib/QtGui.framework/Headers,/opt/homebrew/opt/qt/lib/QtWidgets.framework/Headers,/opt/homebrew/opt/qt/lib/QtSql.framework/Headers,"$(inherited)");
				TARGET_TEMP_DIR = "/Users/pyoungjinji/resume_manager/qt_resume/qt_resume/cmake-build/build/JobApplicationManager.build/$(CONFIGURATION)$(EFFECTIVE_PLATFORM_NAME)";
				USE_HEADERMAP = NO;
				WARNING_CFLAGS = ("$(inherited)");
			};
			name = Release;
		};
		D39ED8A6A40E4DCAA4810FF3 /* Debug */ = {
			isa = XCBuildConfiguration;
			buildSettings = {
				ARCHS = arm64;
				SDKROOT = /Applications/Xcode.app/Contents/Developer/Platforms/MacOSX.platform/Developer/SDKs/MacOSX15.2.sdk;
				SYMROOT = "/Users/pyoungjinji/resume_manager/qt_resume/qt_resume/cmake-build/build";
			};
			name = Debug;
		};
		D6D740C1AAEA483EB3DF505B /* RelWithDebInfo */ = {
			isa = XCBuildConfiguration;
			buildSettings = {
				ALWAYS_SEARCH_USER_PATHS = NO;
				ARCHS = arm64;
				COMBINE_HIDPI_IMAGES = YES;
				GCC_GENERATE_DEBUGGING_SYMBOLS = YES;
				GCC_INLINES_ARE_PRIVATE_EXTERN = NO;
				GCC_OPTIMIZATION_LEVEL = 0;
				GCC_PREPROCESSOR_DEFINITIONS = ("'CMAKE_INTDIR=\"$(CONFIGURATION)$(EFFECTIVE_PLATFORM_NAME)\"'","$(inherited)");
				GCC_SYMBOLS_PRIVATE_EXTERN = NO;
				INSTALL_PATH = "";
				ONLY_ACTIVE_ARCH = NO;
				OTHER_LDFLAGS = ("","$(inherited)");
				OTHER_REZFLAGS = "";
				PRODUCT_NAME = ZERO_CHECK;
				SECTORDER_FLAGS = "";
				USE_HEADERMAP = NO;
				WARNING_CFLAGS = ("$(inherited)");
			};
			name = RelWithDebInfo;
		};
		E8EC18C8AE7848249AA14246 /* Debug */ = {
			isa = XCBuildConfiguration;
			buildSettings = {
				ALWAYS_SEARCH_USER_PATHS = NO;
				ARCHS = arm64;
				COMBINE_HIDPI_IMAGES = YES;
				GCC_GENERATE_DEBUGGING_SYMBOLS = YES;
				GCC_INLINES_ARE_PRIVATE_EXTERN = NO;
				GCC_OPTIMIZATION_LEVEL = 0;
				GCC_PREPROCESSOR_DEFINITIONS = ("'CMAKE_INTDIR=\"$(CONFIGURATION)$(EFFECTIVE_PLATFORM_NAME)\"'","$(inherited)");
				GCC_SYMBOLS_PRIVATE_EXTERN = NO;
				INSTALL_PATH = "";
				ONLY_ACTIVE_ARCH = NO;
				OTHER_LDFLAGS = ("","$(inherited)");
				OTHER_REZFLAGS = "";
				PRODUCT_NAME = JobApplicationManager_autogen;
				SECTORDER_FLAGS = "";
				USE_HEADERMAP = NO;
				WARNING_CFLAGS = ("$(inherited)");
			};
			name = Debug;
		};
		F096738778DF41CAB5F4A91D /* Release */ = {
			isa = XCBuildConfiguration;
			buildSettings = {
				ALWAYS_SEARCH_USER_PATHS = NO;
				ARCHS = arm64;
				COMBINE_HIDPI_IMAGES = YES;
				GCC_GENERATE_DEBUGGING_SYMBOLS = YES;
				GCC_INLINES_ARE_PRIVATE_EXTERN = NO;
				GCC_OPTIMIZATION_LEVEL = 0;
				GCC_PREPROCESSOR_DEFINITIONS = ("'CMAKE_INTDIR=\"$(CONFIGURATION)$(EFFECTIVE_PLATFORM_NAME)\"'","$(inherited)");
				GCC_SYMBOLS_PRIVATE_EXTERN = NO;
				INSTALL_PATH = "";
				ONLY_ACTIVE_ARCH = NO;
				OTHER_LDFLAGS = ("","$(inherited)");
				OTHER_REZFLAGS = "";
				PRODUCT_NAME = ZERO_CHECK;
				SECTORDER_FLAGS = "";
				USE_HEADERMAP = NO;
				WARNING_CFLAGS = ("$(inherited)");
			};
			name = Release;
		};
		F46764B079CC4907988D1099 /* Release */ = {
			isa = XCBuildConfiguration;
			buildSettings = {
				ALWAYS_SEARCH_USER_PATHS = NO;
				ARCHS = arm64;
				COMBINE_HIDPI_IMAGES = YES;
				GCC_GENERATE_DEBUGGING_SYMBOLS = YES;
				GCC_INLINES_ARE_PRIVATE_EXTERN = NO;
				GCC_OPTIMIZATION_LEVEL = 0;
				GCC_PREPROCESSOR_DEFINITIONS = ("'CMAKE_INTDIR=\"$(CONFIGURATION)$(EFFECTIVE_PLATFORM_NAME)\"'","$(inherited)");
				GCC_SYMBOLS_PRIVATE_EXTERN = NO;
				INSTALL_PATH = "";
				ONLY_ACTIVE_ARCH = NO;
				OTHER_LDFLAGS = ("","$(inherited)");
				OTHER_REZFLAGS = "";
				PRODUCT_NAME = JobApplicationManager_autogen;
				SECTORDER_FLAGS = "";
				USE_HEADERMAP = NO;
				WARNING_CFLAGS = ("$(inherited)");
			};
			name = Release;
		};
/* End XCBuildConfiguration section */

/* Begin XCConfigurationList section */
		0C5D630F29D14311A47248E4 /* Build configuration list for PBXAggregateTarget "JobApplicationManager_autogen" */ = {
			isa = XCConfigurationList;
			buildConfigurations = (
				E8EC18C8AE7848249AA14246 /* Debug */,
				F46764B079CC4907988D1099 /* Release */,
				152A3A85B51640BDBC0C0775 /* MinSizeRel */,
				513040054E864EBDB3C33620 /* RelWithDebInfo */,
			);
			defaultConfigurationIsVisible = 0;
			defaultConfigurationName = Debug;
		};
		0C5DA8DD603E4B41B41BEAC2 /* Build configuration list for PBXAggregateTarget "ZERO_CHECK" */ = {
			isa = XCConfigurationList;
			buildConfigurations = (
				96781DD1DB5246B8914186E6 /* Debug */,
				F096738778DF41CAB5F4A91D /* Release */,
				06D436C388D14E248469E780 /* MinSizeRel */,
				D6D740C1AAEA483EB3DF505B /* RelWithDebInfo */,
			);
			defaultConfigurationIsVisible = 0;
			defaultConfigurationName = Debug;
		};
		707CE755AC474EBC865664A7 /* Build configuration list for PBXProject "JobApplicationManager" */ = {
			isa = XCConfigurationList;
			buildConfigurations = (
				D39ED8A6A40E4DCAA4810FF3 /* Debug */,
				952D9F1865AC4CE09E6B93E2 /* Release */,
				59C1A8B73FE1456E87A1B274 /* MinSizeRel */,
				6F87EE82AC54446A860DB20E /* RelWithDebInfo */,
			);
			defaultConfigurationIsVisible = 0;
			defaultConfigurationName = Debug;
		};
		7FF7BD1955DB49C59E466F4C /* Build configuration list for PBXAggregateTarget "ALL_BUILD" */ = {
			isa = XCConfigurationList;
			buildConfigurations = (
				7B413D5D9EC04812A823D6C9 /* Debug */,
				690807C328754EDCAB647027 /* Release */,
				ACF897A10A1345078F89216D /* MinSizeRel */,
				89C01B967C8F469D9DC88BF4 /* RelWithDebInfo */,
			);
			defaultConfigurationIsVisible = 0;
			defaultConfigurationName = Debug;
		};
		E6304EF282AF4874BA3260E0 /* Build configuration list for PBXNativeTarget "JobApplicationManager" */ = {
			isa = XCConfigurationList;
			buildConfigurations = (
				5F1EC3608629462289ED12B0 /* Debug */,
				AEB6C81A4452496FAD7F615A /* Release */,
				8C08E5FD8D0B43BE9D165EB9 /* MinSizeRel */,
				65134E90E44E4387B014A262 /* RelWithDebInfo */,
			);
			defaultConfigurationIsVisible = 0;
			defaultConfigurationName = Debug;
		};
/* End XCConfigurationList section */
	};
	rootObject = 994791D60A9348E3B9001699 /* Project object */;
}
